version = 1
revision = 3
requires-python = ">=3.13"
resolution-markers = [
    "platform_machine == 'ARM64' and sys_platform == 'win32'",
    "platform_machine != 'ARM64' or sys_platform != 'win32'",
]

[[package]]
name = "certifi"
version = "2026.5.20"
source = { registry = "https://pypi.org/simple" }
sdist = { url = "https://files.pythonhosted.org/packages/f3/ce/ee2ecad540810a79593028e88299baeae54d346cc7a0d94b6199988b89b1/certifi-2026.5.20.tar.gz", hash = "sha256:69dea482ab64caa7b9f6aba1c6bf48bb6a5448d1c0f1b17ab42ad8c763a5344d", size = 135422, upload-time = "2026-05-20T11:46:50.073Z" }
wheels = [
    { url = "https://files.pythonhosted.org/packages/59/8c/57e832b7af6d7c5abe66eb3fbe3a3a32f4d11ea23a1aa7131371035be991/certifi-2026.5.20-py3-none-any.whl", hash = "sha256:3c52e209ba0a4ad7aebe60436a4ab349c39e1e602e8c134221e546902ad25897", size = 134134, upload-time = "2026-05-20T11:46:48.578Z" },
]

[[package]]
name = "cftime"
version = "1.6.5"
source = { registry = "https://pypi.org/simple" }
dependencies = [
    { name = "numpy" },
]
sdist = { url = "https://files.pythonhosted.org/packages/65/dc/470ffebac2eb8c54151eb893055024fe81b1606e7c6ff8449a588e9cd17f/cftime-1.6.5.tar.gz", hash = "sha256:8225fed6b9b43fb87683ebab52130450fc1730011150d3092096a90e54d1e81e", size = 326605, upload-time = "2025-10-13T18:56:26.352Z" }
wheels = [
    { url = "https://files.pythonhosted.org/packages/2e/60/74ea344b3b003fada346ed98a6899085d6fd4c777df608992d90c458fda6/cftime-1.6.5-cp313-cp313-macosx_10_13_x86_64.whl", hash = "sha256:4aba66fd6497711a47c656f3a732c2d1755ad15f80e323c44a8716ebde39ddd5", size = 502453, upload-time = "2025-10-13T18:56:13.545Z" },
    { url = "https://files.pythonhosted.org/packages/1e/14/adb293ac6127079b49ff11c05cf3d5ce5c1f17d097f326dc02d74ddfcb6e/cftime-1.6.5-cp313-cp313-macosx_11_0_arm64.whl", hash = "sha256:89e7cba699242366e67d6fb5aee579440e791063f92a93853610c91647167c0d", size = 484541, upload-time = "2025-10-13T18:56:14.612Z" },
    { url = "https://files.pythonhosted.org/packages/4f/74/bb8a4566af8d0ef3f045d56c462a9115da4f04b07c7fbbf2b4875223eebd/cftime-1.6.5-cp313-cp313-manylinux2014_aarch64.manylinux_2_17_aarch64.whl", hash = "sha256:2f1eb43d7a7b919ec99aee709fb62ef87ef1cf0679829ef93d37cc1c725781e9", size = 1591014, upload-time = "2025-10-13T19:39:15.346Z" },
    { url = "https://files.pythonhosted.org/packages/ba/08/52f06ff2f04d376f9cd2c211aefcf2b37f1978e43289341f362fc99f6a0e/cftime-1.6.5-cp313-cp313-manylinux2014_x86_64.manylinux_2_17_x86_64.whl", hash = "sha256:e02a1d80ffc33fe469c7db68aa24c4a87f01da0c0c621373e5edadc92964900b", size = 1633625, upload-time = "2025-10-13T18:56:15.745Z" },
    { url = "https://files.pythonhosted.org/packages/cf/33/03e0b23d58ea8fab94ecb4f7c5b721e844a0800c13694876149d98830a73/cftime-1.6.5-cp313-cp313-musllinux_1_2_x86_64.whl", hash = "sha256:18ab754805233cdd889614b2b3b86a642f6d51a57a1ec327c48053f3414f87d8", size = 1684269, upload-time = "2025-10-13T18:56:17.04Z" },
    { url = "https://files.pythonhosted.org/packages/a4/60/a0cfba63847b43599ef1cdbbf682e61894994c22b9a79fd9e1e8c7e9de41/cftime-1.6.5-cp313-cp313-win_amd64.whl", hash = "sha256:6c27add8f907f4a4cd400e89438f2ea33e2eb5072541a157a4d013b7dbe93f9c", size = 465364, upload-time = "2025-10-13T18:56:18.05Z" },
    { url = "https://files.pythonhosted.org/packages/3d/e8/ec32f2aef22c15604e6fda39ff8d581a00b5469349f8fba61640d5358d2c/cftime-1.6.5-cp313-cp313-win_arm64.whl", hash = "sha256:31d1ff8f6bbd4ca209099d24459ec16dea4fb4c9ab740fbb66dd057ccbd9b1b9", size = 450468, upload-time = "2026-01-02T21:16:50.193Z" },
    { url = "https://files.pythonhosted.org/packages/ea/6c/a9618f589688358e279720f5c0fe67ef0077fba07334ce26895403ebc260/cftime-1.6.5-cp314-cp314-macosx_10_15_x86_64.whl", hash = "sha256:c69ce3bdae6a322cbb44e9ebc20770d47748002fb9d68846a1e934f1bd5daf0b", size = 502725, upload-time = "2025-10-13T18:56:19.424Z" },
    { url = "https://files.pythonhosted.org/packages/d8/e3/da3c36398bfb730b96248d006cabaceed87e401ff56edafb2a978293e228/cftime-1.6.5-cp314-cp314-macosx_11_0_arm64.whl", hash = "sha256:e62e9f2943e014c5ef583245bf2e878398af131c97e64f8cd47c1d7baef5c4e2", size = 485445, upload-time = "2025-10-13T18:56:20.853Z" },
    { url = "https://files.pythonhosted.org/packages/32/93/b05939e5abd14bd1ab69538bbe374b4ee2a15467b189ff895e9a8cdaddf6/cftime-1.6.5-cp314-cp314-manylinux2014_aarch64.manylinux_2_17_aarch64.whl", hash = "sha256:7da5fdaa4360d8cb89b71b8ded9314f2246aa34581e8105c94ad58d6102d9e4f", size = 1584434, upload-time = "2025-10-13T19:39:17.084Z" },
    { url = "https://files.pythonhosted.org/packages/7f/89/648397f9936e0b330999c4e776ebf296ec3c6a65f9901687dbca4ab820da/cftime-1.6.5-cp314-cp314-manylinux2014_x86_64.manylinux_2_17_x86_64.whl", hash = "sha256:bff865b4ea4304f2744a1ad2b8149b8328b321dd7a2b9746ef926d229bd7cd49", size = 1609812, upload-time = "2025-10-13T18:56:21.971Z" },
    { url = "https://files.pythonhosted.org/packages/e7/0f/901b4835aa67ad3e915605d4e01d0af80a44b114eefab74ae33de6d36933/cftime-1.6.5-cp314-cp314-musllinux_1_2_x86_64.whl", hash = "sha256:e552c5d1c8a58f25af7521e49237db7ca52ed2953e974fe9f7c4491e95fdd36c", size = 1669768, upload-time = "2025-10-13T18:56:24.027Z" },
    { url = "https://files.pythonhosted.org/packages/22/d5/e605e4b28363e7a9ae98ed12cabbda5b155b6009270e6a231d8f10182a17/cftime-1.6.5-cp314-cp314-win_amd64.whl", hash = "sha256:e645b095dc50a38ac454b7e7f0742f639e7d7f6b108ad329358544a6ff8c9ba2", size = 463818, upload-time = "2025-10-13T18:56:25.376Z" },
    { url = "https://files.pythonhosted.org/packages/3d/89/a8f85ae697ff10206ec401c2621f5ca9f327554f586d62f244739ceeb347/cftime-1.6.5-cp314-cp314-win_arm64.whl", hash = "sha256:b9044d7ac82d3d8af189df1032fdc871bbd3f3dd41a6ec79edceb5029b71e6e0", size = 459862, upload-time = "2026-01-02T20:45:02.625Z" },
    { url = "https://files.pythonhosted.org/packages/ab/05/7410e12fd03a0c52717e74e6a1b49958810807dda212e23b65d43ea99676/cftime-1.6.5-cp314-cp314t-macosx_10_15_x86_64.whl", hash = "sha256:9ef56460cb0576e1a9161e1428c9e1a633f809a23fa9d598f313748c1ae5064e", size = 533781, upload-time = "2026-01-02T20:45:04.818Z" },
    { url = "https://files.pythonhosted.org/packages/44/ba/10e3546426d3ed9f9cc82e4a99836bb6fac1642c7830f7bdd0ac1c3f0805/cftime-1.6.5-cp314-cp314t-macosx_11_0_arm64.whl", hash = "sha256:4f4873d38b10032f9f3111c547a1d485519ae64eee6a7a2d091f1f8b08e1ba50", size = 515218, upload-time = "2026-01-02T20:45:06.788Z" },
    { url = "https://files.pythonhosted.org/packages/bd/68/efa11eae867749e921bfec6a865afdba8166e96188112dde70bb8bb49254/cftime-1.6.5-cp314-cp314t-manylinux2014_aarch64.manylinux_2_17_aarch64.whl", hash = "sha256:ccce0f4c9d3f38dd948a117e578b50d0e0db11e2ca9435fb358fd524813e4b61", size = 1579932, upload-time = "2026-01-02T20:45:11.194Z" },
    { url = "https://files.pythonhosted.org/packages/9d/6c/0971e602c1390a423e6621dfbad9f1d375186bdaf9c9c7f75e06f1fbf355/cftime-1.6.5-cp314-cp314t-manylinux2014_x86_64.manylinux_2_17_x86_64.whl", hash = "sha256:19cbfc5152fb0b34ce03acf9668229af388d7baa63a78f936239cb011ccbe6b1", size = 1555894, upload-time = "2026-01-02T20:45:16.351Z" },
    { url = "https://files.pythonhosted.org/packages/ad/fc/8475a15b7c3209a4a68b563dfc5e01ce74f2d8b9822372c3d30c68ab7f39/cftime-1.6.5-cp314-cp314t-win_amd64.whl", hash = "sha256:4470cd5ef3c2514566f53efbcbb64dd924fa0584637d90285b2f983bd4ee7d97", size = 513027, upload-time = "2026-01-02T20:45:20.023Z" },
    { url = "https://files.pythonhosted.org/packages/f7/80/4ecbda8318fbf40ad4e005a4a93aebba69e81382e5b4c6086251cd5d0ee8/cftime-1.6.5-cp314-cp314t-win_arm64.whl", hash = "sha256:034c15a67144a0a5590ef150c99f844897618b148b87131ed34fda7072614662", size = 469065, upload-time = "2026-01-02T20:45:23.398Z" },
]

[[package]]
name = "colorama"
version = "0.4.6"
source = { registry = "https://pypi.org/simple" }
sdist = { url = "https://files.pythonhosted.org/packages/d8/53/6f443c9a4a8358a93a6792e2acffb9d9d5cb0a5cfd8802644b7b1c9a02e4/colorama-0.4.6.tar.gz", hash = "sha256:08695f5cb7ed6e0531a20572697297273c47b8cae5a63ffc6d6ed5c201be6e44", size = 27697, upload-time = "2022-10-25T02:36:22.414Z" }
wheels = [
    { url = "https://files.pythonhosted.org/packages/d1/d6/3965ed04c63042e047cb6a3e6ed1a63a35087b6a609aa3a15ed8ac56c221/colorama-0.4.6-py2.py3-none-any.whl", hash = "sha256:4f1d9991f5acc0ca119f9d443620b77f9d6b33703e51011c16baf57afb285fc6", size = 25335, upload-time = "2022-10-25T02:36:20.889Z" },
]

[[package]]
name = "fixtures"
version = "0.1.0"
source = { editable = "." }
dependencies = [
    { name = "h5py" },
    { name = "netcdf4" },
    { name = "numpy" },
    { name = "tqdm" },
]

[package.metadata]
requires-dist = [
    { name = "h5py", specifier = ">=3.13.0" },
    { name = "netcdf4", specifier = ">=1.7.2" },
    { name = "numpy", specifier = ">=2.2.0" },
    { name = "tqdm", specifier = ">=4.67.0" },
]

[[package]]
name = "h5py"
version = "3.16.0"
source = { registry = "https://pypi.org/simple" }
dependencies = [
    { name = "numpy" },
]
sdist = { url = "https://files.pythonhosted.org/packages/db/33/acd0ce6863b6c0d7735007df01815403f5589a21ff8c2e1ee2587a38f548/h5py-3.16.0.tar.gz", hash = "sha256:a0dbaad796840ccaa67a4c144a0d0c8080073c34c76d5a6941d6818678ef2738", size = 446526, upload-time = "2026-03-06T13:49:08.07Z" }
wheels = [
    { url = "https://files.pythonhosted.org/packages/0f/9e/6142ebfda0cb6e9349c091eae73c2e01a770b7659255248d637bec54a88b/h5py-3.16.0-cp313-cp313-macosx_10_13_x86_64.whl", hash = "sha256:370a845f432c2c9619db8eed334d1e610c6015796122b0e57aa46312c22617d9", size = 3671808, upload-time = "2026-03-06T13:48:19.737Z" },
    { url = "https://files.pythonhosted.org/packages/b0/65/5e088a45d0f43cd814bc5bec521c051d42005a472e804b1a36c48dada09b/h5py-3.16.0-cp313-cp313-macosx_11_0_arm64.whl", hash = "sha256:42108e93326c50c2810025aade9eac9d6827524cdccc7d4b75a546e5ab308edb", size = 3045837, upload-time = "2026-03-06T13:48:21.854Z" },
    { url = "https://files.pythonhosted.org/packages/da/1e/6172269e18cc5a484e2913ced33339aad588e02ba407fafd00d369e22ef3/h5py-3.16.0-cp313-cp313-manylinux_2_28_aarch64.whl", hash = "sha256:099f2525c9dcf28de366970a5fb34879aab20491589fa89ce2863a84218bb524", size = 5193860, upload-time = "2026-03-06T13:48:24.071Z" },
    { url = "https://files.pythonhosted.org/packages/bd/98/ef2b6fe2903e377cbe870c3b2800d62552f1e3dbe81ce49e1923c53d1c5c/h5py-3.16.0-cp313-cp313-manylinux_2_28_x86_64.whl", hash = "sha256:9300ad32dea9dfc5171f94d5f6948e159ed93e4701280b0f508773b3f582f402", size = 5400417, upload-time = "2026-03-06T13:48:25.728Z" },
    { url = "https://files.pythonhosted.org/packages/bc/81/5b62d760039eed64348c98129d17061fdfc7839fc9c04eaaad6dee1004e4/h5py-3.16.0-cp313-cp313-musllinux_1_2_aarch64.whl", hash = "sha256:171038f23bccddfc23f344cadabdfc9917ff554db6a0d417180d2747fe4c75a7", size = 5185214, upload-time = "2026-03-06T13:48:27.436Z" },
    { url = "https://files.pythonhosted.org/packages/28/c4/532123bcd9080e250696779c927f2cb906c8bf3447df98f5ceb8dcded539/h5py-3.16.0-cp313-cp313-musllinux_1_2_x86_64.whl", hash = "sha256:7e420b539fb6023a259a1b14d4c9f6df8cf50d7268f48e161169987a57b737ff", size = 5414598, upload-time = "2026-03-06T13:48:29.49Z" },
    { url = "https://files.pythonhosted.org/packages/c3/d9/a27997f84341fc0dfcdd1fe4179b6ba6c32a7aa880fdb8c514d4dad6fba3/h5py-3.16.0-cp313-cp313-win_amd64.whl", hash = "sha256:18f2bbcd545e6991412253b98727374c356d67caa920e68dc79eab36bf5fedad", size = 3175509, upload-time = "2026-03-06T13:48:31.131Z" },
    { url = "https://files.pythonhosted.org/packages/a5/23/bb8647521d4fd770c30a76cfc6cb6a2f5495868904054e92f2394c5a78ff/h5py-3.16.0-cp313-cp313-win_arm64.whl", hash = "sha256:656f00e4d903199a1d58df06b711cf3ca632b874b4207b7dbec86185b5c8c7d4", size = 2647362, upload-time = "2026-03-06T13:48:33.411Z" },
    { url = "https://files.pythonhosted.org/packages/48/3c/7fcd9b4c9eed82e91fb15568992561019ae7a829d1f696b2c844355d95dd/h5py-3.16.0-cp314-cp314-macosx_10_15_x86_64.whl", hash = "sha256:9c9d307c0ef862d1cd5714f72ecfafe0a5d7529c44845afa8de9f46e5ba8bd65", size = 3678608, upload-time = "2026-03-06T13:48:35.183Z" },
    { url = "https://files.pythonhosted.org/packages/6a/b7/9366ed44ced9b7ef357ab48c94205280276db9d7f064aa3012a97227e966/h5py-3.16.0-cp314-cp314-macosx_11_0_arm64.whl", hash = "sha256:8c1eff849cdd53cbc73c214c30ebdb6f1bb8b64790b4b4fc36acdb5e43570210", size = 3054773, upload-time = "2026-03-06T13:48:37.139Z" },
    { url = "https://files.pythonhosted.org/packages/58/a5/4964bc0e91e86340c2bbda83420225b2f770dcf1eb8a39464871ad769436/h5py-3.16.0-cp314-cp314-manylinux_2_28_aarch64.whl", hash = "sha256:e2c04d129f180019e216ee5f9c40b78a418634091c8782e1f723a6ca3658b965", size = 5198886, upload-time = "2026-03-06T13:48:38.879Z" },
    { url = "https://files.pythonhosted.org/packages/f1/16/d905e7f53e661ce2c24686c38048d8e2b750ffc4350009d41c4e6c6c9826/h5py-3.16.0-cp314-cp314-manylinux_2_28_x86_64.whl", hash = "sha256:e4360f15875a532bc7b98196c7592ed4fc92672a57c0a621355961cafb17a6dd", size = 5404883, upload-time = "2026-03-06T13:48:41.324Z" },
    { url = "https://files.pythonhosted.org/packages/4b/f2/58f34cb74af46d39f4cd18ea20909a8514960c5a3e5b92fd06a28161e0a8/h5py-3.16.0-cp314-cp314-musllinux_1_2_aarch64.whl", hash = "sha256:3fae9197390c325e62e0a1aa977f2f62d994aa87aab182abbea85479b791197c", size = 5192039, upload-time = "2026-03-06T13:48:43.117Z" },
    { url = "https://files.pythonhosted.org/packages/ce/ca/934a39c24ce2e2db017268c08da0537c20fa0be7e1549be3e977313fc8f5/h5py-3.16.0-cp314-cp314-musllinux_1_2_x86_64.whl", hash = "sha256:43259303989ac8adacc9986695b31e35dba6fd1e297ff9c6a04b7da5542139cc", size = 5421526, upload-time = "2026-03-06T13:48:44.838Z" },
    { url = "https://files.pythonhosted.org/packages/3e/14/615a450205e1b56d16c6783f5ccd116cde05550faad70ae077c955654a75/h5py-3.16.0-cp314-cp314-win_amd64.whl", hash = "sha256:fa48993a0b799737ba7fd21e2350fa0a60701e58180fae9f2de834bc39a147ab", size = 3183263, upload-time = "2026-03-06T13:48:47.117Z" },
    { url = "https://files.pythonhosted.org/packages/7b/48/a6faef5ed632cae0c65ac6b214a6614a0b510c3183532c521bdb0055e117/h5py-3.16.0-cp314-cp314-win_arm64.whl", hash = "sha256:1897a771a7f40d05c262fc8f37376ec37873218544b70216872876c627640f63", size = 2663450, upload-time = "2026-03-06T13:48:48.707Z" },
    { url = "https://files.pythonhosted.org/packages/5d/32/0c8bb8aedb62c772cf7c1d427c7d1951477e8c2835f872bc0a13d1f85f86/h5py-3.16.0-cp314-cp314t-macosx_10_15_x86_64.whl", hash = "sha256:15922e485844f77c0b9d275396d435db3baa58292a9c2176a386e072e0cf2491", size = 3760693, upload-time = "2026-03-06T13:48:50.453Z" },
    { url = "https://files.pythonhosted.org/packages/1d/1f/fcc5977d32d6387c5c9a694afee716a5e20658ac08b3ff24fdec79fb05f2/h5py-3.16.0-cp314-cp314t-macosx_11_0_arm64.whl", hash = "sha256:df02dd29bd247f98674634dfe41f89fd7c16ba3d7de8695ec958f58404a4e618", size = 3181305, upload-time = "2026-03-06T13:48:52.221Z" },
    { url = "https://files.pythonhosted.org/packages/f5/a1/af87f64b9f986889884243643621ebbd4ac72472ba8ec8cec891ac8e2ca1/h5py-3.16.0-cp314-cp314t-manylinux_2_28_aarch64.whl", hash = "sha256:0f456f556e4e2cebeebd9d66adf8dc321770a42593494a0b6f0af54a7567b242", size = 5074061, upload-time = "2026-03-06T13:48:54.089Z" },
    { url = "https://files.pythonhosted.org/packages/cc/d0/146f5eaff3dc246a9c7f6e5e4f42bd45cc613bce16693bcd4d1f7c958bf5/h5py-3.16.0-cp314-cp314t-manylinux_2_28_x86_64.whl", hash = "sha256:3e6cb3387c756de6a9492d601553dffea3fe11b5f22b443aac708c69f3f55e16", size = 5279216, upload-time = "2026-03-06T13:48:56.75Z" },
    { url = "https://files.pythonhosted.org/packages/a1/9d/12a13424f1e604fc7df9497b73c0356fb78c2fb206abd7465ce47226e8fd/h5py-3.16.0-cp314-cp314t-musllinux_1_2_aarch64.whl", hash = "sha256:8389e13a1fd745ad2856873e8187fd10268b2d9677877bb667b41aebd771d8b7", size = 5070068, upload-time = "2026-03-06T13:48:59.169Z" },
    { url = "https://files.pythonhosted.org/packages/41/8c/bbe98f813722b4873818a8db3e15aa3e625b59278566905ac439725e8070/h5py-3.16.0-cp314-cp314t-musllinux_1_2_x86_64.whl", hash = "sha256:346df559a0f7dcb31cf8e44805319e2ab24b8957c45e7708ce503b2ec79ba725", size = 5300253, upload-time = "2026-03-06T13:49:02.033Z" },
    { url = "https://files.pythonhosted.org/packages/32/9e/87e6705b4d6890e7cecdf876e2a7d3e40654a2ae37482d79a6f1b87f7b92/h5py-3.16.0-cp314-cp314t-win_amd64.whl", hash = "sha256:4c6ab014ab704b4feaa719ae783b86522ed0bf1f82184704ed3c9e4e3228796e", size = 3381671, upload-time = "2026-03-06T13:49:04.351Z" },
    { url = "https://files.pythonhosted.org/packages/96/91/9fad90cfc5f9b2489c7c26ad897157bce82f0e9534a986a221b99760b23b/h5py-3.16.0-cp314-cp314t-win_arm64.whl", hash = "sha256:faca8fb4e4319c09d83337adc80b2ca7d5c5a343c2d6f1b6388f32cfecca13c1", size = 2740706, upload-time = "2026-03-06T13:49:06.347Z" },
]

[[package]]
name = "netcdf4"
version = "1.7.4"
source = { registry = "https://pypi.org/simple" }
dependencies = [
    { name = "certifi" },
    { name = "cftime" },
    { name = "numpy" },
]
sdist = { url = "https://files.pythonhosted.org/packages/34/b6/0370bb3af66a12098da06dc5843f3b349b7c83ccbdf7306e7afa6248b533/netcdf4-1.7.4.tar.gz", hash = "sha256:cdbfdc92d6f4d7192ca8506c9b3d4c1d9892969ff28d8e8e1fc97ca08bf12164", size = 838352, upload-time = "2026-01-05T02:27:38.593Z" }
wheels = [
    { url = "https://files.pythonhosted.org/packages/38/de/38ed7e1956943d28e8ea74161e97c3a00fb98d6d08943b4fd21bae32c240/netcdf4-1.7.4-cp311-abi3-macosx_13_0_x86_64.whl", hash = "sha256:dec70e809cc65b04ebe95113ee9c85ba46a51c3a37c058d2b2b0cadc4d3052d8", size = 23427499, upload-time = "2026-01-05T02:27:06.568Z" },
    { url = "https://files.pythonhosted.org/packages/e5/70/2f73c133b71709c412bc81d8b721e28dc6237ba9d7dad861b7bfbb70408a/netcdf4-1.7.4-cp311-abi3-macosx_14_0_arm64.whl", hash = "sha256:75cf59100f0775bc4d6b9d4aca7cbabd12e2b8cf3b9a4fb16d810b92743a315a", size = 22847667, upload-time = "2026-01-05T02:27:09.421Z" },
    { url = "https://files.pythonhosted.org/packages/77/ce/43a3c0c41a6e2e940d87feea79d29aa88302211ac122604838f8a5a48de6/netcdf4-1.7.4-cp311-abi3-manylinux_2_27_aarch64.manylinux_2_28_aarch64.whl", hash = "sha256:ddfc7e9d261125c74708119440c85ea288b5fee41db676d2ba1ce9be11f96932", size = 10274769, upload-time = "2026-01-05T21:31:19.243Z" },
    { url = "https://files.pythonhosted.org/packages/7b/7a/a8d32501bb95ecff342004a674720164f95ad616f269450b3bc13dc88ae3/netcdf4-1.7.4-cp311-abi3-manylinux_2_27_x86_64.manylinux_2_28_x86_64.whl", hash = "sha256:a72c9f58767779ec14cb7451c3b56bdd8fdc027a792fac2062b14e090c5617f3", size = 10123122, upload-time = "2026-01-05T21:31:22.773Z" },
    { url = "https://files.pythonhosted.org/packages/18/68/e89b4fa9242e59326c849c39ce0f49eb68499603c639405a8449900a4f15/netcdf4-1.7.4-cp311-abi3-win_amd64.whl", hash = "sha256:9476e1f23161ae5159cd1548c50c8a37922e77d76583e247133f256ef7b825fc", size = 21299637, upload-time = "2026-01-05T02:27:11.856Z" },
    { url = "https://files.pythonhosted.org/packages/6c/fc/edd41a3607241027aa4533e7f18e0cd647e74dde10a63274c65350f59967/netcdf4-1.7.4-cp311-abi3-win_arm64.whl", hash = "sha256:876ad9d58f09c98741c066c726164c45a098a58fb90e5fac9e74de4bb8a793fd", size = 2386377, upload-time = "2026-01-05T02:27:13.808Z" },
    { url = "https://files.pythonhosted.org/packages/d8/2b/684b15dd4791f8be295b2f6fa97377bbc07a768478a63b7d3c4951712e36/netcdf4-1.7.4-cp314-cp314-manylinux_2_27_aarch64.manylinux_2_28_aarch64.whl", hash = "sha256:a5841de0735e8e4875b367c668e81d334287858d64dd9f3e3e2261e808c84922", size = 10395635, upload-time = "2026-01-05T02:27:19.655Z" },
    { url = "https://files.pythonhosted.org/packages/37/dc/44d21524cf1b1c64254f92e22395a7a10f70c18f3a13a18ac9db258760f7/netcdf4-1.7.4-cp314-cp314-manylinux_2_27_x86_64.manylinux_2_28_x86_64.whl", hash = "sha256:86fac03a8c5b250d57866e7d98918a64742e4b0de1681c5c86bac5726bab8aee", size = 10237725, upload-time = "2026-01-05T02:27:22.298Z" },
    { url = "https://files.pythonhosted.org/packages/d4/9d/c3ddf54296ad8f18f02f77f23452bdb0971aece1b87e84bab9d734bf72cc/netcdf4-1.7.4-cp314-cp314t-macosx_13_0_x86_64.whl", hash = "sha256:ad083d260301b5add74b1669c75ab0df03bdf986decfcc092cb45eec2615b5f1", size = 23515258, upload-time = "2026-01-05T02:27:24.837Z" },
    { url = "https://files.pythonhosted.org/packages/dd/44/bc0346e995d436d03fab682b7fbd2a9adcf0db6a05790b8f24853bf08170/netcdf4-1.7.4-cp314-cp314t-macosx_14_0_arm64.whl", hash = "sha256:7f22014092cc9da3f056b0368e2e38c42afd5725c87ad4843eb2f467e16dd4f6", size = 22910171, upload-time = "2026-01-05T02:27:27.166Z" },
    { url = "https://files.pythonhosted.org/packages/30/6b/f9bc3f43c55e2dac72ee9f98d77860789bdd5d50c29adf164a6bdb303078/netcdf4-1.7.4-cp314-cp314t-manylinux_2_27_aarch64.manylinux_2_28_aarch64.whl", hash = "sha256:224a15434c165a5e0225e5831f591edf62533044b1ce62fdfee815195bbd077d", size = 10567579, upload-time = "2026-01-05T02:27:29.382Z" },
    { url = "https://files.pythonhosted.org/packages/6d/d5/e7685c66b7f011c73cd746127f986358a26c642a4e4a1aa5ab51481b6586/netcdf4-1.7.4-cp314-cp314t-manylinux_2_27_x86_64.manylinux_2_28_x86_64.whl", hash = "sha256:31a2318305de6831a18df25ad0df9f03b6d68666af0356d4f6057d66c02ffeb6", size = 10255032, upload-time = "2026-01-05T02:27:31.744Z" },
    { url = "https://files.pythonhosted.org/packages/a6/14/7506738bb6c8bc373b01e5af8f3b727f83f4f496c6b108490ea2609dc2cf/netcdf4-1.7.4-cp314-cp314t-win_amd64.whl", hash = "sha256:6c4a0aa9446c3a616ef3be015b629dc6173643f8b09546de26a4e40e272cd1ed", size = 22289653, upload-time = "2026-01-05T02:27:34.294Z" },
    { url = "https://files.pythonhosted.org/packages/af/2e/39d5e9179c543f2e6e149a65908f83afd9b6d64379a90789b323111761db/netcdf4-1.7.4-cp314-cp314t-win_arm64.whl", hash = "sha256:034220887d48da032cb2db5958f69759dbb04eb33e279ec6390571d4aea734fe", size = 2531682, upload-time = "2026-01-05T02:27:37.062Z" },
]

[[package]]
name = "numpy"
version = "2.4.6"
source = { registry = "https://pypi.org/simple" }
sdist = { url = "https://files.pythonhosted.org/packages/d0/ad/fed0499ce6a338d2a03ebae59cd15093910c8875328855781952abf6c2fe/numpy-2.4.6.tar.gz", hash = "sha256:f3a3570c4a2a16746ac2c31a7c7c7b0c186b95ce902e33db6f28094ed7387dda", size = 20735807, upload-time = "2026-05-18T23:37:14.07Z" }
wheels = [
    { url = "https://files.pythonhosted.org/packages/fb/82/bdab26d7438c6791ca31b7c024ca37c1eab8b726ba236129005cd4a06e45/numpy-2.4.6-cp313-cp313-macosx_10_13_x86_64.whl", hash = "sha256:511dbaf848decaaaf4b4ca48032619fb3138710c4bf7da7617765edad1ef96b0", size = 16684648, upload-time = "2026-05-18T23:34:29.41Z" },
    { url = "https://files.pythonhosted.org/packages/1b/30/a80189bcc7f5e4258b3fbc3968d909d1756f54d023299ecc39ad6fdb9ef8/numpy-2.4.6-cp313-cp313-macosx_11_0_arm64.whl", hash = "sha256:bf162abab1c1a736333192707cef898e735a5ca00f38f27eeedf44b39d9e85eb", size = 14693902, upload-time = "2026-05-18T23:34:33.013Z" },
    { url = "https://files.pythonhosted.org/packages/97/12/70b5d0d7c15e1ebb8a6a84a8caa1d19e181d84fb58bb6d70aca29099dec1/numpy-2.4.6-cp313-cp313-macosx_14_0_arm64.whl", hash = "sha256:043191bfa8eab18c776647b62723ac9dddece59743b13f49b2016094129c2b3f", size = 5198992, upload-time = "2026-05-18T23:34:36.132Z" },
    { url = "https://files.pythonhosted.org/packages/ba/8c/ebd2a8f8a83541f8d38cc5667e8c2b69cecfd30da6e45693e8158857d44b/numpy-2.4.6-cp313-cp313-macosx_14_0_x86_64.whl", hash = "sha256:6180d8b35af935aed8ece3a85e0a43f87393ae0ac87c8d2c8bd2c993f7270ef3", size = 6546944, upload-time = "2026-05-18T23:34:38.484Z" },
    { url = "https://files.pythonhosted.org/packages/bb/c5/7b863a97a91671a0338f4253bd3b5a3d3852f0692dae91711c9f4a10e787/numpy-2.4.6-cp313-cp313-manylinux_2_27_aarch64.manylinux_2_28_aarch64.whl", hash = "sha256:72fbe16c6fac95aedf5937fa873445cec2110be35d8a4e9433d7501fd98dae6b", size = 15669392, upload-time = "2026-05-18T23:34:41.257Z" },
    { url = "https://files.pythonhosted.org/packages/a5/9d/3584b9984ca4c047aea75214ce1a4c4c73d849bd71b604264b7f5653f8a8/numpy-2.4.6-cp313-cp313-manylinux_2_27_x86_64.manylinux_2_28_x86_64.whl", hash = "sha256:a7830bab239b79cda9c08c2da014761cafb48da6150e1da17ac06283f43b6089", size = 16633220, upload-time = "2026-05-18T23:34:45.075Z" },
    { url = "https://files.pythonhosted.org/packages/05/ae/7c67fba23bd98caec7c99261f3a16072ade14813486b0282cb29846de832/numpy-2.4.6-cp313-cp313-musllinux_1_2_aarch64.whl", hash = "sha256:ef4aea96ce4d3b074422cb4f2f64e216bf9e213004bb58ecfdf50ea02ea8eb9a", size = 17020800, upload-time = "2026-05-18T23:34:49.065Z" },
    { url = "https://files.pythonhosted.org/packages/d9/5d/3b6725cb31d983c5e66916f5d36f6d7e5521129e4c4404d64f918292a5b6/numpy-2.4.6-cp313-cp313-musllinux_1_2_x86_64.whl", hash = "sha256:dfa20cc6ca228e6b155b11da03825975ce66aea520985dbbddf0f2a5a495c605", size = 18357600, upload-time = "2026-05-18T23:34:52.709Z" },
    { url = "https://files.pythonhosted.org/packages/f7/da/2ccc6c2fe8898dee01d90c75c5f5f914a23daf99e3e0f59516a08760c8b5/numpy-2.4.6-cp313-cp313-win32.whl", hash = "sha256:56b39e5e0622a09a25bf5baf62f4bcf0cb8a41ae6e2819cf49bbc5a74c083f91", size = 5961134, upload-time = "2026-05-18T23:34:55.618Z" },
    { url = "https://files.pythonhosted.org/packages/b5/cd/9cc4dc876fb065d5c220aae4d5e14826b2715331bb7618ce1fb07a679d99/numpy-2.4.6-cp313-cp313-win_amd64.whl", hash = "sha256:c4fc99836233ea196540b17ab0983aff60ed07941751930f5f4d05bc3b3b7359", size = 12318598, upload-time = "2026-05-18T23:34:58.928Z" },
    { url = "https://files.pythonhosted.org/packages/39/1e/c0bcba1f8694116485fe28fd1be698c278fcda4141c5b0e53a2aed8b12a8/numpy-2.4.6-cp313-cp313-win_arm64.whl", hash = "sha256:a7c711e21628b52034bb5ab8d1bce291f752fcc5e92accc615778acee1ff4778", size = 10222272, upload-time = "2026-05-18T23:35:02.167Z" },
    { url = "https://files.pythonhosted.org/packages/63/6d/cc5619247c8f4204e507f5883528372e4ac4bb189e579fb859a12e480b1f/numpy-2.4.6-cp313-cp313t-macosx_11_0_arm64.whl", hash = "sha256:112b06a867b235ef466ed3508ddf0238050df9c727cafb5301ac385b899189a1", size = 14821197, upload-time = "2026-05-18T23:35:05.468Z" },
    { url = "https://files.pythonhosted.org/packages/00/58/f1c39161c87d9e9bed660f1ed4bafc0e403d5ec9650b6dd77aead07d489b/numpy-2.4.6-cp313-cp313t-macosx_14_0_arm64.whl", hash = "sha256:eaf7fa2de5c0be8ae6ff8e9bea2ccd725e980541244521d8d4b5f3354a27babe", size = 5326287, upload-time = "2026-05-18T23:35:08.693Z" },
    { url = "https://files.pythonhosted.org/packages/af/57/3917ab0fd97f271a8694513581b8a36c655f111c446852c302f04ccdb6fc/numpy-2.4.6-cp313-cp313t-macosx_14_0_x86_64.whl", hash = "sha256:7265a2f3d436e54ef9f2b52b5c937e6be778781bd97a590319d7348f1c1ca997", size = 6646763, upload-time = "2026-05-18T23:35:11.459Z" },
    { url = "https://files.pythonhosted.org/packages/eb/0f/037e64c494b67581ae18193d770adef354c41f3f2c8ebf865602d949bf8f/numpy-2.4.6-cp313-cp313t-manylinux_2_27_aarch64.manylinux_2_28_aarch64.whl", hash = "sha256:f74a575920ab21fe304421a3fc28793d82e299cae9eccb37084e9fc7f3617c20", size = 15728070, upload-time = "2026-05-18T23:35:14.79Z" },
    { url = "https://files.pythonhosted.org/packages/21/a6/5d2bae9c9542eb4df16dc9c46dc79c186e9bad53805dfa5399a6023c6db0/numpy-2.4.6-cp313-cp313t-manylinux_2_27_x86_64.manylinux_2_28_x86_64.whl", hash = "sha256:ede83e07a75dd06bc501566c1eca2afc0d61677c1472ac9ad93fdee6e638a48d", size = 16681752, upload-time = "2026-05-18T23:35:18.836Z" },
    { url = "https://files.pythonhosted.org/packages/92/14/23d1dfb410ae362cd59ce53e936b1513d545eb40db3949ced632e19a459e/numpy-2.4.6-cp313-cp313t-musllinux_1_2_aarch64.whl", hash = "sha256:68bb27509ac1b9a3443094260f6326150663b06abe40b73a2f81160623da5b67", size = 17086024, upload-time = "2026-05-18T23:35:22.52Z" },
    { url = "https://files.pythonhosted.org/packages/4b/6e/23595a2c642cdf3bc567877064bdd7f91c8b0038a4453cf2daf7248eafe9/numpy-2.4.6-cp313-cp313t-musllinux_1_2_x86_64.whl", hash = "sha256:a0df0043bdb289bde1f62da130d20df23d58b45429f752bc7a8fc5325a225ecd", size = 18403398, upload-time = "2026-05-18T23:35:26.398Z" },
    { url = "https://files.pythonhosted.org/packages/8a/90/0ac3bc947217e66dec77e7cbc6a1979d1af70b6461b82f620d3bccd5e4c8/numpy-2.4.6-cp313-cp313t-win32.whl", hash = "sha256:29a287e0cf63ff528da061de6b9f64a4618da591ca1046aafc54062e40ca7eab", size = 6084971, upload-time = "2026-05-18T23:35:29.387Z" },
    { url = "https://files.pythonhosted.org/packages/77/71/5673e351671a1d2bd6063b91b44f70c0affea7d1516fa7a6572941ba4aa1/numpy-2.4.6-cp313-cp313t-win_amd64.whl", hash = "sha256:25c692919ac5a01f170a3bfcd62d745b24fd095c353d50812637d6fcab442e75", size = 12458532, upload-time = "2026-05-18T23:35:32.175Z" },
    { url = "https://files.pythonhosted.org/packages/3f/88/19d3503c5046e688f049274b27a3ef3d771152fa80d3ba3d01a3dff61abe/numpy-2.4.6-cp313-cp313t-win_arm64.whl", hash = "sha256:1e978ec1e8bd0e0e4de6bb75de9d30cbb74db6b6a2bb727618613703ca0167dd", size = 10291881, upload-time = "2026-05-18T23:35:35.465Z" },
    { url = "https://files.pythonhosted.org/packages/f8/91/3ab2044d05fd16d343c5ac2e69b127f1b2854040dd20b193257c78028bd3/numpy-2.4.6-cp314-cp314-macosx_10_15_x86_64.whl", hash = "sha256:06ca2f61ec4385a07a6977c55ba998a4466c123642b4a32694d3128fce18c079", size = 16683458, upload-time = "2026-05-18T23:35:38.353Z" },
    { url = "https://files.pythonhosted.org/packages/8e/62/764ce66fa4147ae6d73071a3abf804ffe606f174618697c571acdf26a7c9/numpy-2.4.6-cp314-cp314-macosx_11_0_arm64.whl", hash = "sha256:38efbc8de75c7a0fc1ac190162d892787f3f47b57cc291231aafee36b80982b7", size = 14704559, upload-time = "2026-05-18T23:35:42.14Z" },
    { url = "https://files.pythonhosted.org/packages/60/61/23f27c172f022e04025b7dc2367f4d63c1a398120607ec896228649a6f48/numpy-2.4.6-cp314-cp314-macosx_14_0_arm64.whl", hash = "sha256:d581b735e177fdcdce6fed8e7e8880a3fb6ee4e3653a3ac6af01c6f4c03effc5", size = 5209716, upload-time = "2026-05-18T23:35:45.377Z" },
    { url = "https://files.pythonhosted.org/packages/03/71/21cf70dc6ea3e3acb95fc53a265b2fc248b981f0194ceb5b475271b8809d/numpy-2.4.6-cp314-cp314-macosx_14_0_x86_64.whl", hash = "sha256:0a041d3d761dc3c35cc56ce0351506a02bcbc25f7b169f652435141a17db9096", size = 6543947, upload-time = "2026-05-18T23:35:47.926Z" },
    { url = "https://files.pythonhosted.org/packages/d5/91/64288395ee1799bd2e0b04a305dce9666da90c961e1f3fe982a05ee1c036/numpy-2.4.6-cp314-cp314-manylinux_2_27_aarch64.manylinux_2_28_aarch64.whl", hash = "sha256:40fdc1ae7125e518ea98e53e69a4ebc27e1fd50510c47b7ea130cf21e5e1d42b", size = 15685197, upload-time = "2026-05-18T23:35:50.863Z" },
    { url = "https://files.pythonhosted.org/packages/f3/eb/ebffaa97dc55502df69584a8f0dcf07f69a3e0b3e2323670a2722db9aa39/numpy-2.4.6-cp314-cp314-manylinux_2_27_x86_64.manylinux_2_28_x86_64.whl", hash = "sha256:a2c306dea656c12c68f51f4cea133cbe78ca7435eb28c735eac1d3ebe73be6e8", size = 16638245, upload-time = "2026-05-18T23:35:54.752Z" },
    { url = "https://files.pythonhosted.org/packages/b8/0b/54f9da33128d7e350fab89c7455902eeae70349ee52bddb448dc4a576f45/numpy-2.4.6-cp314-cp314-musllinux_1_2_aarch64.whl", hash = "sha256:33111801a01c12a8a1e3721f0a9232f8cfc8ae2c6b7098167e6f623c6073f402", size = 17036587, upload-time = "2026-05-18T23:35:58.355Z" },
    { url = "https://files.pythonhosted.org/packages/b6/f0/fdebc1052db1cc37c64beb22072d67cd6d1c71adca1299f53dec2b5e20d3/numpy-2.4.6-cp314-cp314-musllinux_1_2_x86_64.whl", hash = "sha256:ae506e6902902557576a26ff33eda8695e7ecb3cb36c3b573a0765dee114ebdb", size = 18363226, upload-time = "2026-05-18T23:36:02.845Z" },
    { url = "https://files.pythonhosted.org/packages/aa/b4/298628d98c72b57e57f7165ae6a481a1deaf6f3c28262a6e4c739c275930/numpy-2.4.6-cp314-cp314-win32.whl", hash = "sha256:aaf159caa35993cb1f56fb9b8e4610d35758e7ca005412eb1daa856a78c9c4b1", size = 6010196, upload-time = "2026-05-18T23:36:05.92Z" },
    { url = "https://files.pythonhosted.org/packages/df/ac/46de6dda46478f7942f839e094970be2d4a861e005c4b3bf07c92e291a09/numpy-2.4.6-cp314-cp314-win_amd64.whl", hash = "sha256:b507f5c4c1d508876d1819b6bf9a49d365b96320b5d4993426b33a23ca4b8261", size = 12450334, upload-time = "2026-05-18T23:36:09.107Z" },
    { url = "https://files.pythonhosted.org/packages/78/92/b8b798ac784102c0da830d2257d59358e3d3d90d1e2b3f2575dad976c5cf/numpy-2.4.6-cp314-cp314-win_arm64.whl", hash = "sha256:6f41ae150c4e32db4f3310cdaf64b1593a03dbabe29eec77fc9b50fe64061df6", size = 10495678, upload-time = "2026-05-18T23:36:12.766Z" },
    { url = "https://files.pythonhosted.org/packages/30/34/ec28d1aa8115971537c01469ab2011ee96827930f0a124de1000cc2a7ed7/numpy-2.4.6-cp314-cp314t-macosx_11_0_arm64.whl", hash = "sha256:ece3d2cfe132e7d51f44a832b303895e6f2d499c5e74dfbdb06ee246147a304a", size = 14823672, upload-time = "2026-05-18T23:36:16.473Z" },
    { url = "https://files.pythonhosted.org/packages/16/bd/f6d1fede4e54e8042a7ff97bb495510f3c220f94bcd9e8b228e87c92cc0d/numpy-2.4.6-cp314-cp314t-macosx_14_0_arm64.whl", hash = "sha256:e3e5193ef5a3dc73bceee50f7fdc2c90dbb76c42df8d8fae3d1067a583df579e", size = 5328731, upload-time = "2026-05-18T23:36:19.767Z" },
    { url = "https://files.pythonhosted.org/packages/f4/f0/e105b9e2fd728a9910103884decd6951d9dd73896b914a98d9a231de02ee/numpy-2.4.6-cp314-cp314t-macosx_14_0_x86_64.whl", hash = "sha256:17f9ade344e7d9b464a084d69bcf18fc691cb1db67c62ed80820bf4926d78f0e", size = 6649805, upload-time = "2026-05-18T23:36:22.266Z" },
    { url = "https://files.pythonhosted.org/packages/82/dd/1206a7ca6ab15e3f02069707ca96222e202af681bb73756da7527f3cb837/numpy-2.4.6-cp314-cp314t-manylinux_2_27_aarch64.manylinux_2_28_aarch64.whl", hash = "sha256:9cd5ffd25db4e7ba6a375693b3fc0fc1791ec636c17db3720da19bde7180ec43", size = 15730496, upload-time = "2026-05-18T23:36:25.713Z" },
    { url = "https://files.pythonhosted.org/packages/51/e7/38d3ea825dcab85a591734decb2f6c67caa7c8367d374df1a1c3842f9b07/numpy-2.4.6-cp314-cp314t-manylinux_2_27_x86_64.manylinux_2_28_x86_64.whl", hash = "sha256:7d92c3819208a60205a12a245c91ad70cb0a85336659b19b834205573ac8456e", size = 16679616, upload-time = "2026-05-18T23:36:29.652Z" },
    { url = "https://files.pythonhosted.org/packages/93/b7/caabfdf53edf663e0b4eb74d7d405d83baef09eb5e83bcd32d601d72b93e/numpy-2.4.6-cp314-cp314t-musllinux_1_2_aarch64.whl", hash = "sha256:e85b752a1e912b70eaad4fafbd4d1238007ab221de2009b9a2f5ae7461239895", size = 17085145, upload-time = "2026-05-18T23:36:33.449Z" },
    { url = "https://files.pythonhosted.org/packages/f9/45/68d7c33a6bcf3e5aa3bdbd57a367e6f615286dfd6482f97e8ffeb734306e/numpy-2.4.6-cp314-cp314t-musllinux_1_2_x86_64.whl", hash = "sha256:29cb7f67d10b479ff07c17d33e39f78c07f71c40ef30d63c153d340e96cd3fb4", size = 18403813, upload-time = "2026-05-18T23:36:37.369Z" },
    { url = "https://files.pythonhosted.org/packages/9c/50/0753655aa844c99cd9e018aacf76f130f1bd81d881bb74bc0aef5d73a8ba/numpy-2.4.6-cp314-cp314t-win32.whl", hash = "sha256:260a5d70215b61ab4fadf5c7baacd64821842975eea312125ed3c39a6391b063", size = 6156982, upload-time = "2026-05-18T23:36:40.817Z" },
    { url = "https://files.pythonhosted.org/packages/b2/d4/7c67becf668f973cb490cec3e98dfd799d866f9c989a54d355672cfa0db6/numpy-2.4.6-cp314-cp314t-win_amd64.whl", hash = "sha256:81a1cca95ed5bb92aa8b10dd2cdc9a0d3853a50fad926c28b5d7e8ea54389627", size = 12638908, upload-time = "2026-05-18T23:36:43.996Z" },
    { url = "https://files.pythonhosted.org/packages/43/bb/e1c71a4295b1b1d1393d50dbb4f2a36283c6859d9d3892e84f00ec5a91d5/numpy-2.4.6-cp314-cp314t-win_arm64.whl", hash = "sha256:0c9136e14ed34a9e343a31c533d78a9813a69a3148332bce5e9821cb2f996e66", size = 10565867, upload-time = "2026-05-18T23:36:47.114Z" },
]

[[package]]
name = "tqdm"
version = "4.67.3"
source = { registry = "https://pypi.org/simple" }
dependencies = [
    { name = "colorama", marker = "sys_platform == 'win32'" },
]
sdist = { url = "https://files.pythonhosted.org/packages/09/a9/6ba95a270c6f1fbcd8dac228323f2777d886cb206987444e4bce66338dd4/tqdm-4.67.3.tar.gz", hash = "sha256:7d825f03f89244ef73f1d4ce193cb1774a8179fd96f31d7e1dcde62092b960bb", size = 169598, upload-time = "2026-02-03T17:35:53.048Z" }
wheels = [
    { url = "https://files.pythonhosted.org/packages/16/e1/3079a9ff9b8e11b846c6ac5c8b5bfb7ff225eee721825310c91b3b50304f/tqdm-4.67.3-py3-none-any.whl", hash = "sha256:ee1e4c0e59148062281c49d80b25b67771a127c85fc9676d3be5f243206826bf", size = 78374, upload-time = "2026-02-03T17:35:50.982Z" },
]
